
Microsoft Visual Studio Solution File, Format Version 12.00
# Visual Studio Version 17
VisualStudioVersion = 17.14.36518.9 d17.14
MinimumVisualStudioVersion = 10.0.40219.1
Project("{FAE04EC0-301F-11D3-BF4B-00C04F79EFBC}") = "PrimerEFAsincronia", "PrimerEFAsincronia\PrimerEFAsincronia.csproj", "{B4C6C152-F2F8-45A6-8519-9C50684A84BA}"
EndProject
Global
	GlobalSection(SolutionConfigurationPlatforms) = preSolution
		Debug|Any CPU = Debug|Any CPU
		Release|Any CPU = Release|Any CPU
	EndGlobalSection
	GlobalSection(ProjectConfigurationPlatforms) = postSolution
		{B4C6C152-F2F8-45A6-8519-9C50684A84BA}.Debug|Any CPU.ActiveCfg = Debug|Any CPU
		{B4C6C152-F2F8-45A6-8519-9C50684A84BA}.Debug|Any CPU.Build.0 = Debug|Any CPU
		{B4C6C152-F2F8-45A6-8519-9C50684A84BA}.Release|Any CPU.ActiveCfg = Release|Any CPU
		{B4C6C152-F2F8-45A6-8519-9C50684A84BA}.Release|Any CPU.Build.0 = Release|Any CPU
	EndGlobalSection
	GlobalSection(SolutionProperties) = preSolution
		HideSolutionNode = FALSE
	EndGlobalSection
	GlobalSection(ExtensibilityGlobals) = postSolution
		SolutionGuid = {92B711D5-0276-4847-9922-665E15607C06}
	EndGlobalSection
EndGlobal
