
Microsoft Visual Studio Solution File, Format Version 12.00
# Visual Studio Version 17
VisualStudioVersion = 17.14.36518.9 d17.14
MinimumVisualStudioVersion = 10.0.40219.1
Project("{FAE04EC0-301F-11D3-BF4B-00C04F79EFBC}") = "LibreriaAsync", "LibreriaAsync\LibreriaAsync.csproj", "{D61946C5-946E-4147-ADA4-69AD74A71F99}"
EndProject
Global
	GlobalSection(SolutionConfigurationPlatforms) = preSolution
		Debug|Any CPU = Debug|Any CPU
		Release|Any CPU = Release|Any CPU
	EndGlobalSection
	GlobalSection(ProjectConfigurationPlatforms) = postSolution
		{D61946C5-946E-4147-ADA4-69AD74A71F99}.Debug|Any CPU.ActiveCfg = Debug|Any CPU
		{D61946C5-946E-4147-ADA4-69AD74A71F99}.Debug|Any CPU.Build.0 = Debug|Any CPU
		{D61946C5-946E-4147-ADA4-69AD74A71F99}.Release|Any CPU.ActiveCfg = Release|Any CPU
		{D61946C5-946E-4147-ADA4-69AD74A71F99}.Release|Any CPU.Build.0 = Release|Any CPU
	EndGlobalSection
	GlobalSection(SolutionProperties) = preSolution
		HideSolutionNode = FALSE
	EndGlobalSection
	GlobalSection(ExtensibilityGlobals) = postSolution
		SolutionGuid = {20620FB3-6AB1-4D1C-867A-3E40B8C45C0A}
	EndGlobalSection
EndGlobal
