
Microsoft Visual Studio Solution File, Format Version 12.00
# Visual Studio Version 17
VisualStudioVersion = 17.14.36518.9 d17.14
MinimumVisualStudioVersion = 10.0.40219.1
Project("{FAE04EC0-301F-11D3-BF4B-00C04F79EFBC}") = "AppPracticaRuben", "AppPracticaRuben\AppPracticaRuben.csproj", "{BDAB3EE3-AE9A-4E23-9404-741DE193460C}"
EndProject
Global
	GlobalSection(SolutionConfigurationPlatforms) = preSolution
		Debug|Any CPU = Debug|Any CPU
		Release|Any CPU = Release|Any CPU
	EndGlobalSection
	GlobalSection(ProjectConfigurationPlatforms) = postSolution
		{BDAB3EE3-AE9A-4E23-9404-741DE193460C}.Debug|Any CPU.ActiveCfg = Debug|Any CPU
		{BDAB3EE3-AE9A-4E23-9404-741DE193460C}.Debug|Any CPU.Build.0 = Debug|Any CPU
		{BDAB3EE3-AE9A-4E23-9404-741DE193460C}.Release|Any CPU.ActiveCfg = Release|Any CPU
		{BDAB3EE3-AE9A-4E23-9404-741DE193460C}.Release|Any CPU.Build.0 = Release|Any CPU
	EndGlobalSection
	GlobalSection(SolutionProperties) = preSolution
		HideSolutionNode = FALSE
	EndGlobalSection
	GlobalSection(ExtensibilityGlobals) = postSolution
		SolutionGuid = {EED9624A-E4B1-4F40-A27D-771B45BB59A6}
	EndGlobalSection
EndGlobal
